// !$*UTF8*$!
{
	archiveVersion = 1;
	classes = {
	};
	objectVersion = 50;
	objects = {

/* Begin PBXBuildFile section */
		2D2B00C340A3F83AAE379FB0 /* Pods_PRPCATests.framework in Frameworks */ = {isa = PBXBuildFile; fileRef = BA1707444127042EB2054AD3 /* Pods_PRPCATests.framework */; };
		9DCC7B582111695F000E8C4C /* AppDelegate.swift in Sources */ = {isa = PBXBuildFile; fileRef = 9DCC7B572111695F000E8C4C /* AppDelegate.swift */; };
		9DCC7B5D2111695F000E8C4C /* Main.storyboard in Resources */ = {isa = PBXBuildFile; fileRef = 9DCC7B5B2111695F000E8C4C /* Main.storyboard */; };
		9DCC7B602111695F000E8C4C /* PRPCA.xcdatamodeld in Sources */ = {isa = PBXBuildFile; fileRef = 9DCC7B5E2111695F000E8C4C /* PRPCA.xcdatamodeld */; };
		9DCC7B6221116961000E8C4C /* Assets.xcassets in Resources */ = {isa = PBXBuildFile; fileRef = 9DCC7B6121116961000E8C4C /* Assets.xcassets */; };
		9DCC7B6521116961000E8C4C /* LaunchScreen.storyboard in Resources */ = {isa = PBXBuildFile; fileRef = 9DCC7B6321116961000E8C4C /* LaunchScreen.storyboard */; };
		9DCC7B7021116961000E8C4C /* PRPCATests.swift in Sources */ = {isa = PBXBuildFile; fileRef = 9DCC7B6F21116961000E8C4C /* PRPCATests.swift */; };
		9DCC7B7B21116961000E8C4C /* PRPCAUITests.swift in Sources */ = {isa = PBXBuildFile; fileRef = 9DCC7B7A21116961000E8C4C /* PRPCAUITests.swift */; };
		9DCC7B8921116A5A000E8C4C /* awsconfiguration.json in Resources */ = {isa = PBXBuildFile; fileRef = 9DCC7B8821116A5A000E8C4C /* awsconfiguration.json */; };
		9DCC7B8B21116DCF000E8C4C /* VideoClipsModelController.swift in Sources */ = {isa = PBXBuildFile; fileRef = 9DCC7B8A21116DCF000E8C4C /* VideoClipsModelController.swift */; };
		9DCC7B8D21116DF2000E8C4C /* PRPCAResultsModelController.swift in Sources */ = {isa = PBXBuildFile; fileRef = 9DCC7B8C21116DF2000E8C4C /* PRPCAResultsModelController.swift */; };
		9DCC7B8F21116E01000E8C4C /* VideoClipsViewController.swift in Sources */ = {isa = PBXBuildFile; fileRef = 9DCC7B8E21116E01000E8C4C /* VideoClipsViewController.swift */; };
		9DCC7B9221116E21000E8C4C /* PRPCAResultsViewController.swift in Sources */ = {isa = PBXBuildFile; fileRef = 9DCC7B9121116E21000E8C4C /* PRPCAResultsViewController.swift */; };
		9DCC7B95211203B0000E8C4C /* UIImage+Gif.swift in Sources */ = {isa = PBXBuildFile; fileRef = 9DCC7B94211203B0000E8C4C /* UIImage+Gif.swift */; };
		9DCC7B9921125BFD000E8C4C /* VideoClipCell.swift in Sources */ = {isa = PBXBuildFile; fileRef = 9DCC7B9821125BFD000E8C4C /* VideoClipCell.swift */; };
		9DCC7B9B21126E80000E8C4C /* VideoClip.swift in Sources */ = {isa = PBXBuildFile; fileRef = 9DCC7B9A21126E80000E8C4C /* VideoClip.swift */; };
		9DCC7B9D21126FC3000E8C4C /* VideoClipMetaData.swift in Sources */ = {isa = PBXBuildFile; fileRef = 9DCC7B9C21126FC3000E8C4C /* VideoClipMetaData.swift */; };
		BC5A965FBD2BA70D845C05E8 /* Pods_PRPCA.framework in Frameworks */ = {isa = PBXBuildFile; fileRef = 2072E9732CF61E4B2AB03140 /* Pods_PRPCA.framework */; };
		D1E5A2B069FCB632EF47DBE1 /* Pods_PRPCAUITests.framework in Frameworks */ = {isa = PBXBuildFile; fileRef = E586ABD3E7810F0ABF626A5F /* Pods_PRPCAUITests.framework */; };
/* End PBXBuildFile section */

/* Begin PBXContainerItemProxy section */
		9DCC7B6C21116961000E8C4C /* PBXContainerItemProxy */ = {
			isa = PBXContainerItemProxy;
			containerPortal = 9DCC7B4C2111695F000E8C4C /* Project object */;
			proxyType = 1;
			remoteGlobalIDString = 9DCC7B532111695F000E8C4C;
			remoteInfo = PRPCA;
		};
		9DCC7B7721116961000E8C4C /* PBXContainerItemProxy */ = {
			isa = PBXContainerItemProxy;
			containerPortal = 9DCC7B4C2111695F000E8C4C /* Project object */;
			proxyType = 1;
			remoteGlobalIDString = 9DCC7B532111695F000E8C4C;
			remoteInfo = PRPCA;
		};
/* End PBXContainerItemProxy section */

/* Begin PBXFileReference section */
		2072E9732CF61E4B2AB03140 /* Pods_PRPCA.framework */ = {isa = PBXFileReference; explicitFileType = wrapper.framework; includeInIndex = 0; path = Pods_PRPCA.framework; sourceTree = BUILT_PRODUCTS_DIR; };
		4E2C30FC2C496A450B140639 /* Pods-PRPCAUITests.debug.xcconfig */ = {isa = PBXFileReference; includeInIndex = 1; lastKnownFileType = text.xcconfig; name = "Pods-PRPCAUITests.debug.xcconfig"; path = "Pods/Target Support Files/Pods-PRPCAUITests/Pods-PRPCAUITests.debug.xcconfig"; sourceTree = "<group>"; };
		788DA889A387F49721C8BF73 /* Pods-PRPCATests.debug.xcconfig */ = {isa = PBXFileReference; includeInIndex = 1; lastKnownFileType = text.xcconfig; name = "Pods-PRPCATests.debug.xcconfig"; path = "Pods/Target Support Files/Pods-PRPCATests/Pods-PRPCATests.debug.xcconfig"; sourceTree = "<group>"; };
		9DCC7B542111695F000E8C4C /* PRPCA.app */ = {isa = PBXFileReference; explicitFileType = wrapper.application; includeInIndex = 0; path = PRPCA.app; sourceTree = BUILT_PRODUCTS_DIR; };
		9DCC7B572111695F000E8C4C /* AppDelegate.swift */ = {isa = PBXFileReference; lastKnownFileType = sourcecode.swift; path = AppDelegate.swift; sourceTree = "<group>"; };
		9DCC7B5C2111695F000E8C4C /* Base */ = {isa = PBXFileReference; lastKnownFileType = file.storyboard; name = Base; path = Base.lproj/Main.storyboard; sourceTree = "<group>"; };
		9DCC7B5F2111695F000E8C4C /* PRPCA.xcdatamodel */ = {isa = PBXFileReference; lastKnownFileType = wrapper.xcdatamodel; path = PRPCA.xcdatamodel; sourceTree = "<group>"; };
		9DCC7B6121116961000E8C4C /* Assets.xcassets */ = {isa = PBXFileReference; lastKnownFileType = folder.assetcatalog; path = Assets.xcassets; sourceTree = "<group>"; };
		9DCC7B6421116961000E8C4C /* Base */ = {isa = PBXFileReference; lastKnownFileType = file.storyboard; name = Base; path = Base.lproj/LaunchScreen.storyboard; sourceTree = "<group>"; };
		9DCC7B6621116961000E8C4C /* Info.plist */ = {isa = PBXFileReference; lastKnownFileType = text.plist.xml; path = Info.plist; sourceTree = "<group>"; };
		9DCC7B6B21116961000E8C4C /* PRPCATests.xctest */ = {isa = PBXFileReference; explicitFileType = wrapper.cfbundle; includeInIndex = 0; path = PRPCATests.xctest; sourceTree = BUILT_PRODUCTS_DIR; };
		9DCC7B6F21116961000E8C4C /* PRPCATests.swift */ = {isa = PBXFileReference; lastKnownFileType = sourcecode.swift; path = PRPCATests.swift; sourceTree = "<group>"; };
		9DCC7B7121116961000E8C4C /* Info.plist */ = {isa = PBXFileReference; lastKnownFileType = text.plist.xml; path = Info.plist; sourceTree = "<group>"; };
		9DCC7B7621116961000E8C4C /* PRPCAUITests.xctest */ = {isa = PBXFileReference; explicitFileType = wrapper.cfbundle; includeInIndex = 0; path = PRPCAUITests.xctest; sourceTree = BUILT_PRODUCTS_DIR; };
		9DCC7B7A21116961000E8C4C /* PRPCAUITests.swift */ = {isa = PBXFileReference; lastKnownFileType = sourcecode.swift; path = PRPCAUITests.swift; sourceTree = "<group>"; };
		9DCC7B7C21116961000E8C4C /* Info.plist */ = {isa = PBXFileReference; lastKnownFileType = text.plist.xml; path = Info.plist; sourceTree = "<group>"; };
		9DCC7B8821116A5A000E8C4C /* awsconfiguration.json */ = {isa = PBXFileReference; fileEncoding = 4; lastKnownFileType = text.json; path = awsconfiguration.json; sourceTree = "<group>"; };
		9DCC7B8A21116DCF000E8C4C /* VideoClipsModelController.swift */ = {isa = PBXFileReference; lastKnownFileType = sourcecode.swift; path = VideoClipsModelController.swift; sourceTree = "<group>"; };
		9DCC7B8C21116DF2000E8C4C /* PRPCAResultsModelController.swift */ = {isa = PBXFileReference; lastKnownFileType = sourcecode.swift; path = PRPCAResultsModelController.swift; sourceTree = "<group>"; };
		9DCC7B8E21116E01000E8C4C /* VideoClipsViewController.swift */ = {isa = PBXFileReference; lastKnownFileType = sourcecode.swift; path = VideoClipsViewController.swift; sourceTree = "<group>"; };
		9DCC7B9121116E21000E8C4C /* PRPCAResultsViewController.swift */ = {isa = PBXFileReference; lastKnownFileType = sourcecode.swift; path = PRPCAResultsViewController.swift; sourceTree = "<group>"; };
		9DCC7B94211203B0000E8C4C /* UIImage+Gif.swift */ = {isa = PBXFileReference; fileEncoding = 4; lastKnownFileType = sourcecode.swift; path = "UIImage+Gif.swift"; sourceTree = "<group>"; };
		9DCC7B9821125BFD000E8C4C /* VideoClipCell.swift */ = {isa = PBXFileReference; fileEncoding = 4; lastKnownFileType = sourcecode.swift; path = VideoClipCell.swift; sourceTree = "<group>"; };
		9DCC7B9A21126E80000E8C4C /* VideoClip.swift */ = {isa = PBXFileReference; lastKnownFileType = sourcecode.swift; path = VideoClip.swift; sourceTree = "<group>"; };
		9DCC7B9C21126FC3000E8C4C /* VideoClipMetaData.swift */ = {isa = PBXFileReference; lastKnownFileType = sourcecode.swift; path = VideoClipMetaData.swift; sourceTree = "<group>"; };
		A6B76A30A37EF3C05FEF04C8 /* Pods-PRPCAUITests.release.xcconfig */ = {isa = PBXFileReference; includeInIndex = 1; lastKnownFileType = text.xcconfig; name = "Pods-PRPCAUITests.release.xcconfig"; path = "Pods/Target Support Files/Pods-PRPCAUITests/Pods-PRPCAUITests.release.xcconfig"; sourceTree = "<group>"; };
		B85EC25260396B8F6F983E3E /* Pods-PRPCA.release.xcconfig */ = {isa = PBXFileReference; includeInIndex = 1; lastKnownFileType = text.xcconfig; name = "Pods-PRPCA.release.xcconfig"; path = "Pods/Target Support Files/Pods-PRPCA/Pods-PRPCA.release.xcconfig"; sourceTree = "<group>"; };
		BA1707444127042EB2054AD3 /* Pods_PRPCATests.framework */ = {isa = PBXFileReference; explicitFileType = wrapper.framework; includeInIndex = 0; path = Pods_PRPCATests.framework; sourceTree = BUILT_PRODUCTS_DIR; };
		C97D7BA04B40314DA7FD0359 /* Pods-PRPCATests.release.xcconfig */ = {isa = PBXFileReference; includeInIndex = 1; lastKnownFileType = text.xcconfig; name = "Pods-PRPCATests.release.xcconfig"; path = "Pods/Target Support Files/Pods-PRPCATests/Pods-PRPCATests.release.xcconfig"; sourceTree = "<group>"; };
		E586ABD3E7810F0ABF626A5F /* Pods_PRPCAUITests.framework */ = {isa = PBXFileReference; explicitFileType = wrapper.framework; includeInIndex = 0; path = Pods_PRPCAUITests.framework; sourceTree = BUILT_PRODUCTS_DIR; };
		E9F1A487E41B27C01C54FB73 /* Pods-PRPCA.debug.xcconfig */ = {isa = PBXFileReference; includeInIndex = 1; lastKnownFileType = text.xcconfig; name = "Pods-PRPCA.debug.xcconfig"; path = "Pods/Target Support Files/Pods-PRPCA/Pods-PRPCA.debug.xcconfig"; sourceTree = "<group>"; };
/* End PBXFileReference section */

/* Begin PBXFrameworksBuildPhase section */
		9DCC7B512111695F000E8C4C /* Frameworks */ = {
			isa = PBXFrameworksBuildPhase;
			buildActionMask = 2147483647;
			files = (
				BC5A965FBD2BA70D845C05E8 /* Pods_PRPCA.framework in Frameworks */,
			);
			runOnlyForDeploymentPostprocessing = 0;
		};
		9DCC7B6821116961000E8C4C /* Frameworks */ = {
			isa = PBXFrameworksBuildPhase;
			buildActionMask = 2147483647;
			files = (
				2D2B00C340A3F83AAE379FB0 /* Pods_PRPCATests.framework in Frameworks */,
			);
			runOnlyForDeploymentPostprocessing = 0;
		};
		9DCC7B7321116961000E8C4C /* Frameworks */ = {
			isa = PBXFrameworksBuildPhase;
			buildActionMask = 2147483647;
			files = (
				D1E5A2B069FCB632EF47DBE1 /* Pods_PRPCAUITests.framework in Frameworks */,
			);
			runOnlyForDeploymentPostprocessing = 0;
		};
/* End PBXFrameworksBuildPhase section */

/* Begin PBXGroup section */
		9DCC7B4B2111695F000E8C4C = {
			isa = PBXGroup;
			children = (
				9DCC7B562111695F000E8C4C /* PRPCA */,
				9DCC7B6E21116961000E8C4C /* PRPCATests */,
				9DCC7B7921116961000E8C4C /* PRPCAUITests */,
				9DCC7B552111695F000E8C4C /* Products */,
				D1B200EB3930C5CD2DA4DB36 /* Pods */,
				C37D8130194D9C4D7F80081B /* Frameworks */,
			);
			sourceTree = "<group>";
		};
		9DCC7B552111695F000E8C4C /* Products */ = {
			isa = PBXGroup;
			children = (
				9DCC7B542111695F000E8C4C /* PRPCA.app */,
				9DCC7B6B21116961000E8C4C /* PRPCATests.xctest */,
				9DCC7B7621116961000E8C4C /* PRPCAUITests.xctest */,
			);
			name = Products;
			sourceTree = "<group>";
		};
		9DCC7B562111695F000E8C4C /* PRPCA */ = {
			isa = PBXGroup;
			children = (
				9DCC7B94211203B0000E8C4C /* UIImage+Gif.swift */,
				9DCC7B572111695F000E8C4C /* AppDelegate.swift */,
				9DCC7B9021116E08000E8C4C /* Video Clips */,
				9DCC7B9321116E49000E8C4C /* PRPCA Results */,
				9DCC7B5B2111695F000E8C4C /* Main.storyboard */,
				9DCC7B6121116961000E8C4C /* Assets.xcassets */,
				9DCC7B6321116961000E8C4C /* LaunchScreen.storyboard */,
				9DCC7B6621116961000E8C4C /* Info.plist */,
				9DCC7B8821116A5A000E8C4C /* awsconfiguration.json */,
				9DCC7B5E2111695F000E8C4C /* PRPCA.xcdatamodeld */,
			);
			path = PRPCA;
			sourceTree = "<group>";
		};
		9DCC7B6E21116961000E8C4C /* PRPCATests */ = {
			isa = PBXGroup;
			children = (
				9DCC7B6F21116961000E8C4C /* PRPCATests.swift */,
				9DCC7B7121116961000E8C4C /* Info.plist */,
			);
			path = PRPCATests;
			sourceTree = "<group>";
		};
		9DCC7B7921116961000E8C4C /* PRPCAUITests */ = {
			isa = PBXGroup;
			children = (
				9DCC7B7A21116961000E8C4C /* PRPCAUITests.swift */,
				9DCC7B7C21116961000E8C4C /* Info.plist */,
			);
			path = PRPCAUITests;
			sourceTree = "<group>";
		};
		9DCC7B9021116E08000E8C4C /* Video Clips */ = {
			isa = PBXGroup;
			children = (
				9DCC7B8E21116E01000E8C4C /* VideoClipsViewController.swift */,
				9DCC7B9821125BFD000E8C4C /* VideoClipCell.swift */,
				9DCC7B8A21116DCF000E8C4C /* VideoClipsModelController.swift */,
				9DCC7B9C21126FC3000E8C4C /* VideoClipMetaData.swift */,
				9DCC7B9A21126E80000E8C4C /* VideoClip.swift */,
			);
			path = "Video Clips";
			sourceTree = "<group>";
		};
		9DCC7B9321116E49000E8C4C /* PRPCA Results */ = {
			isa = PBXGroup;
			children = (
				9DCC7B9121116E21000E8C4C /* PRPCAResultsViewController.swift */,
				9DCC7B8C21116DF2000E8C4C /* PRPCAResultsModelController.swift */,
			);
			path = "PRPCA Results";
			sourceTree = "<group>";
		};
		C37D8130194D9C4D7F80081B /* Frameworks */ = {
			isa = PBXGroup;
			children = (
				2072E9732CF61E4B2AB03140 /* Pods_PRPCA.framework */,
				BA1707444127042EB2054AD3 /* Pods_PRPCATests.framework */,
				E586ABD3E7810F0ABF626A5F /* Pods_PRPCAUITests.framework */,
			);
			name = Frameworks;
			sourceTree = "<group>";
		};
		D1B200EB3930C5CD2DA4DB36 /* Pods */ = {
			isa = PBXGroup;
			children = (
				E9F1A487E41B27C01C54FB73 /* Pods-PRPCA.debug.xcconfig */,
				B85EC25260396B8F6F983E3E /* Pods-PRPCA.release.xcconfig */,
				788DA889A387F49721C8BF73 /* Pods-PRPCATests.debug.xcconfig */,
				C97D7BA04B40314DA7FD0359 /* Pods-PRPCATests.release.xcconfig */,
				4E2C30FC2C496A450B140639 /* Pods-PRPCAUITests.debug.xcconfig */,
				A6B76A30A37EF3C05FEF04C8 /* Pods-PRPCAUITests.release.xcconfig */,
			);
			name = Pods;
			sourceTree = "<group>";
		};
/* End PBXGroup section */

/* Begin PBXNativeTarget section */
		9DCC7B532111695F000E8C4C /* PRPCA */ = {
			isa = PBXNativeTarget;
			buildConfigurationList = 9DCC7B7F21116961000E8C4C /* Build configuration list for PBXNativeTarget "PRPCA" */;
			buildPhases = (
				770F0AB2EADC3D2BEA69FA42 /* [CP] Check Pods Manifest.lock */,
				9DCC7B502111695F000E8C4C /* Sources */,
				9DCC7B512111695F000E8C4C /* Frameworks */,
				9DCC7B522111695F000E8C4C /* Resources */,
				959CD4B4538E7D5D7AD16945 /* [CP] Embed Pods Frameworks */,
			);
			buildRules = (
			);
			dependencies = (
			);
			name = PRPCA;
			productName = PRPCA;
			productReference = 9DCC7B542111695F000E8C4C /* PRPCA.app */;
			productType = "com.apple.product-type.application";
		};
		9DCC7B6A21116961000E8C4C /* PRPCATests */ = {
			isa = PBXNativeTarget;
			buildConfigurationList = 9DCC7B8221116961000E8C4C /* Build configuration list for PBXNativeTarget "PRPCATests" */;
			buildPhases = (
				07A9F8D788BEBA7359174D5B /* [CP] Check Pods Manifest.lock */,
				9DCC7B6721116961000E8C4C /* Sources */,
				9DCC7B6821116961000E8C4C /* Frameworks */,
				9DCC7B6921116961000E8C4C /* Resources */,
			);
			buildRules = (
			);
			dependencies = (
				9DCC7B6D21116961000E8C4C /* PBXTargetDependency */,
			);
			name = PRPCATests;
			productName = PRPCATests;
			productReference = 9DCC7B6B21116961000E8C4C /* PRPCATests.xctest */;
			productType = "com.apple.product-type.bundle.unit-test";
		};
		9DCC7B7521116961000E8C4C /* PRPCAUITests */ = {
			isa = PBXNativeTarget;
			buildConfigurationList = 9DCC7B8521116961000E8C4C /* Build configuration list for PBXNativeTarget "PRPCAUITests" */;
			buildPhases = (
				640379899BAB0641FC25ECC0 /* [CP] Check Pods Manifest.lock */,
				9DCC7B7221116961000E8C4C /* Sources */,
				9DCC7B7321116961000E8C4C /* Frameworks */,
				9DCC7B7421116961000E8C4C /* Resources */,
			);
			buildRules = (
			);
			dependencies = (
				9DCC7B7821116961000E8C4C /* PBXTargetDependency */,
			);
			name = PRPCAUITests;
			productName = PRPCAUITests;
			productReference = 9DCC7B7621116961000E8C4C /* PRPCAUITests.xctest */;
			productType = "com.apple.product-type.bundle.ui-testing";
		};
/* End PBXNativeTarget section */

/* Begin PBXProject section */
		9DCC7B4C2111695F000E8C4C /* Project object */ = {
			isa = PBXProject;
			attributes = {
				LastSwiftUpdateCheck = 0940;
				LastUpgradeCheck = 0940;
				ORGANIZATIONNAME = stevesl;
				TargetAttributes = {
					9DCC7B532111695F000E8C4C = {
						CreatedOnToolsVersion = 9.4;
					};
					9DCC7B6A21116961000E8C4C = {
						CreatedOnToolsVersion = 9.4;
						TestTargetID = 9DCC7B532111695F000E8C4C;
					};
					9DCC7B7521116961000E8C4C = {
						CreatedOnToolsVersion = 9.4;
						TestTargetID = 9DCC7B532111695F000E8C4C;
					};
				};
			};
			buildConfigurationList = 9DCC7B4F2111695F000E8C4C /* Build configuration list for PBXProject "PRPCA" */;
			compatibilityVersion = "Xcode 9.3";
			developmentRegion = en;
			hasScannedForEncodings = 0;
			knownRegions = (
				en,
				Base,
			);
			mainGroup = 9DCC7B4B2111695F000E8C4C;
			productRefGroup = 9DCC7B552111695F000E8C4C /* Products */;
			projectDirPath = "";
			projectRoot = "";
			targets = (
				9DCC7B532111695F000E8C4C /* PRPCA */,
				9DCC7B6A21116961000E8C4C /* PRPCATests */,
				9DCC7B7521116961000E8C4C /* PRPCAUITests */,
			);
		};
/* End PBXProject section */

/* Begin PBXResourcesBuildPhase section */
		9DCC7B522111695F000E8C4C /* Resources */ = {
			isa = PBXResourcesBuildPhase;
			buildActionMask = 2147483647;
			files = (
				9DCC7B8921116A5A000E8C4C /* awsconfiguration.json in Resources */,
				9DCC7B6521116961000E8C4C /* LaunchScreen.storyboard in Resources */,
				9DCC7B6221116961000E8C4C /* Assets.xcassets in Resources */,
				9DCC7B5D2111695F000E8C4C /* Main.storyboard in Resources */,
			);
			runOnlyForDeploymentPostprocessing = 0;
		};
		9DCC7B6921116961000E8C4C /* Resources */ = {
			isa = PBXResourcesBuildPhase;
			buildActionMask = 2147483647;
			files = (
			);
			runOnlyForDeploymentPostprocessing = 0;
		};
		9DCC7B7421116961000E8C4C /* Resources */ = {
			isa = PBXResourcesBuildPhase;
			buildActionMask = 2147483647;
			files = (
			);
			runOnlyForDeploymentPostprocessing = 0;
		};
/* End PBXResourcesBuildPhase section */

/* Begin PBXShellScriptBuildPhase section */
		07A9F8D788BEBA7359174D5B /* [CP] Check Pods Manifest.lock */ = {
			isa = PBXShellScriptBuildPhase;
			buildActionMask = 2147483647;
			files = (
			);
			inputPaths = (
				"${PODS_PODFILE_DIR_PATH}/Podfile.lock",
				"${PODS_ROOT}/Manifest.lock",
			);
			name = "[CP] Check Pods Manifest.lock";
			outputPaths = (
				"$(DERIVED_FILE_DIR)/Pods-PRPCATests-checkManifestLockResult.txt",
			);
			runOnlyForDeploymentPostprocessing = 0;
			shellPath = /bin/sh;
			shellScript = "diff \"${PODS_PODFILE_DIR_PATH}/Podfile.lock\" \"${PODS_ROOT}/Manifest.lock\" > /dev/null\nif [ $? != 0 ] ; then\n    # print error to STDERR\n    echo \"error: The sandbox is not in sync with the Podfile.lock. Run 'pod install' or update your CocoaPods installation.\" >&2\n    exit 1\nfi\n# This output is used by Xcode 'outputs' to avoid re-running this script phase.\necho \"SUCCESS\" > \"${SCRIPT_OUTPUT_FILE_0}\"\n";
			showEnvVarsInLog = 0;
		};
		640379899BAB0641FC25ECC0 /* [CP] Check Pods Manifest.lock */ = {
			isa = PBXShellScriptBuildPhase;
			buildActionMask = 2147483647;
			files = (
			);
			inputPaths = (
				"${PODS_PODFILE_DIR_PATH}/Podfile.lock",
				"${PODS_ROOT}/Manifest.lock",
			);
			name = "[CP] Check Pods Manifest.lock";
			outputPaths = (
				"$(DERIVED_FILE_DIR)/Pods-PRPCAUITests-checkManifestLockResult.txt",
			);
			runOnlyForDeploymentPostprocessing = 0;
			shellPath = /bin/sh;
			shellScript = "diff \"${PODS_PODFILE_DIR_PATH}/Podfile.lock\" \"${PODS_ROOT}/Manifest.lock\" > /dev/null\nif [ $? != 0 ] ; then\n    # print error to STDERR\n    echo \"error: The sandbox is not in sync with the Podfile.lock. Run 'pod install' or update your CocoaPods installation.\" >&2\n    exit 1\nfi\n# This output is used by Xcode 'outputs' to avoid re-running this script phase.\necho \"SUCCESS\" > \"${SCRIPT_OUTPUT_FILE_0}\"\n";
			showEnvVarsInLog = 0;
		};
		770F0AB2EADC3D2BEA69FA42 /* [CP] Check Pods Manifest.lock */ = {
			isa = PBXShellScriptBuildPhase;
			buildActionMask = 2147483647;
			files = (
			);
			inputPaths = (
				"${PODS_PODFILE_DIR_PATH}/Podfile.lock",
				"${PODS_ROOT}/Manifest.lock",
			);
			name = "[CP] Check Pods Manifest.lock";
			outputPaths = (
				"$(DERIVED_FILE_DIR)/Pods-PRPCA-checkManifestLockResult.txt",
			);
			runOnlyForDeploymentPostprocessing = 0;
			shellPath = /bin/sh;
			shellScript = "diff \"${PODS_PODFILE_DIR_PATH}/Podfile.lock\" \"${PODS_ROOT}/Manifest.lock\" > /dev/null\nif [ $? != 0 ] ; then\n    # print error to STDERR\n    echo \"error: The sandbox is not in sync with the Podfile.lock. Run 'pod install' or update your CocoaPods installation.\" >&2\n    exit 1\nfi\n# This output is used by Xcode 'outputs' to avoid re-running this script phase.\necho \"SUCCESS\" > \"${SCRIPT_OUTPUT_FILE_0}\"\n";
			showEnvVarsInLog = 0;
		};
		959CD4B4538E7D5D7AD16945 /* [CP] Embed Pods Frameworks */ = {
			isa = PBXShellScriptBuildPhase;
			buildActionMask = 2147483647;
			files = (
			);
			inputPaths = (
				"${SRCROOT}/Pods/Target Support Files/Pods-PRPCA/Pods-PRPCA-frameworks.sh",
				"${BUILT_PRODUCTS_DIR}/AWSAPIGateway/AWSAPIGateway.framework",
				"${BUILT_PRODUCTS_DIR}/AWSAuthCore/AWSAuthCore.framework",
				"${BUILT_PRODUCTS_DIR}/AWSCognito/AWSCognito.framework",
				"${BUILT_PRODUCTS_DIR}/AWSCore/AWSCore.framework",
				"${BUILT_PRODUCTS_DIR}/AWSMobileClient/AWSMobileClient.framework",
				"${BUILT_PRODUCTS_DIR}/AWSS3/AWSS3.framework",
				"${BUILT_PRODUCTS_DIR}/SwiftGifOrigin/SwiftGifOrigin.framework",
			);
			name = "[CP] Embed Pods Frameworks";
			outputPaths = (
				"${TARGET_BUILD_DIR}/${FRAMEWORKS_FOLDER_PATH}/AWSAPIGateway.framework",
				"${TARGET_BUILD_DIR}/${FRAMEWORKS_FOLDER_PATH}/AWSAuthCore.framework",
				"${TARGET_BUILD_DIR}/${FRAMEWORKS_FOLDER_PATH}/AWSCognito.framework",
				"${TARGET_BUILD_DIR}/${FRAMEWORKS_FOLDER_PATH}/AWSCore.framework",
				"${TARGET_BUILD_DIR}/${FRAMEWORKS_FOLDER_PATH}/AWSMobileClient.framework",
				"${TARGET_BUILD_DIR}/${FRAMEWORKS_FOLDER_PATH}/AWSS3.framework",
				"${TARGET_BUILD_DIR}/${FRAMEWORKS_FOLDER_PATH}/SwiftGifOrigin.framework",
			);
			runOnlyForDeploymentPostprocessing = 0;
			shellPath = /bin/sh;
			shellScript = "\"${SRCROOT}/Pods/Target Support Files/Pods-PRPCA/Pods-PRPCA-frameworks.sh\"\n";
			showEnvVarsInLog = 0;
		};
/* End PBXShellScriptBuildPhase section */

/* Begin PBXSourcesBuildPhase section */
		9DCC7B502111695F000E8C4C /* Sources */ = {
			isa = PBXSourcesBuildPhase;
			buildActionMask = 2147483647;
			files = (
				9DCC7B9D21126FC3000E8C4C /* VideoClipMetaData.swift in Sources */,
				9DCC7B602111695F000E8C4C /* PRPCA.xcdatamodeld in Sources */,
				9DCC7B9B21126E80000E8C4C /* VideoClip.swift in Sources */,
				9DCC7B9221116E21000E8C4C /* PRPCAResultsViewController.swift in Sources */,
				9DCC7B8D21116DF2000E8C4C /* PRPCAResultsModelController.swift in Sources */,
				9DCC7B8F21116E01000E8C4C /* VideoClipsViewController.swift in Sources */,
				9DCC7B8B21116DCF000E8C4C /* VideoClipsModelController.swift in Sources */,
				9DCC7B9921125BFD000E8C4C /* VideoClipCell.swift in Sources */,
				9DCC7B95211203B0000E8C4C /* UIImage+Gif.swift in Sources */,
				9DCC7B582111695F000E8C4C /* AppDelegate.swift in Sources */,
			);
			runOnlyForDeploymentPostprocessing = 0;
		};
		9DCC7B6721116961000E8C4C /* Sources */ = {
			isa = PBXSourcesBuildPhase;
			buildActionMask = 2147483647;
			files = (
				9DCC7B7021116961000E8C4C /* PRPCATests.swift in Sources */,
			);
			runOnlyForDeploymentPostprocessing = 0;
		};
		9DCC7B7221116961000E8C4C /* Sources */ = {
			isa = PBXSourcesBuildPhase;
			buildActionMask = 2147483647;
			files = (
				9DCC7B7B21116961000E8C4C /* PRPCAUITests.swift in Sources */,
			);
			runOnlyForDeploymentPostprocessing = 0;
		};
/* End PBXSourcesBuildPhase section */

/* Begin PBXTargetDependency section */
		9DCC7B6D21116961000E8C4C /* PBXTargetDependency */ = {
			isa = PBXTargetDependency;
			target = 9DCC7B532111695F000E8C4C /* PRPCA */;
			targetProxy = 9DCC7B6C21116961000E8C4C /* PBXContainerItemProxy */;
		};
		9DCC7B7821116961000E8C4C /* PBXTargetDependency */ = {
			isa = PBXTargetDependency;
			target = 9DCC7B532111695F000E8C4C /* PRPCA */;
			targetProxy = 9DCC7B7721116961000E8C4C /* PBXContainerItemProxy */;
		};
/* End PBXTargetDependency section */

/* Begin PBXVariantGroup section */
		9DCC7B5B2111695F000E8C4C /* Main.storyboard */ = {
			isa = PBXVariantGroup;
			children = (
				9DCC7B5C2111695F000E8C4C /* Base */,
			);
			name = Main.storyboard;
			sourceTree = "<group>";
		};
		9DCC7B6321116961000E8C4C /* LaunchScreen.storyboard */ = {
			isa = PBXVariantGroup;
			children = (
				9DCC7B6421116961000E8C4C /* Base */,
			);
			name = LaunchScreen.storyboard;
			sourceTree = "<group>";
		};
/* End PBXVariantGroup section */

/* Begin XCBuildConfiguration section */
		9DCC7B7D21116961000E8C4C /* Debug */ = {
			isa = XCBuildConfiguration;
			buildSettings = {
				ALWAYS_SEARCH_USER_PATHS = NO;
				CLANG_ANALYZER_NONNULL = YES;
				CLANG_ANALYZER_NUMBER_OBJECT_CONVERSION = YES_AGGRESSIVE;
				CLANG_CXX_LANGUAGE_STANDARD = "gnu++14";
				CLANG_CXX_LIBRARY = "libc++";
				CLANG_ENABLE_MODULES = YES;
				CLANG_ENABLE_OBJC_ARC = YES;
				CLANG_ENABLE_OBJC_WEAK = YES;
				CLANG_WARN_BLOCK_CAPTURE_AUTORELEASING = YES;
				CLANG_WARN_BOOL_CONVERSION = YES;
				CLANG_WARN_COMMA = YES;
				CLANG_WARN_CONSTANT_CONVERSION = YES;
				CLANG_WARN_DEPRECATED_OBJC_IMPLEMENTATIONS = YES;
				CLANG_WARN_DIRECT_OBJC_ISA_USAGE = YES_ERROR;
				CLANG_WARN_DOCUMENTATION_COMMENTS = YES;
				CLANG_WARN_EMPTY_BODY = YES;
				CLANG_WARN_ENUM_CONVERSION = YES;
				CLANG_WARN_INFINITE_RECURSION = YES;
				CLANG_WARN_INT_CONVERSION = YES;
				CLANG_WARN_NON_LITERAL_NULL_CONVERSION = YES;
				CLANG_WARN_OBJC_IMPLICIT_RETAIN_SELF = YES;
				CLANG_WARN_OBJC_LITERAL_CONVERSION = YES;
				CLANG_WARN_OBJC_ROOT_CLASS = YES_ERROR;
				CLANG_WARN_RANGE_LOOP_ANALYSIS = YES;
				CLANG_WARN_STRICT_PROTOTYPES = YES;
				CLANG_WARN_SUSPICIOUS_MOVE = YES;
				CLANG_WARN_UNGUARDED_AVAILABILITY = YES_AGGRESSIVE;
				CLANG_WARN_UNREACHABLE_CODE = YES;
				CLANG_WARN__DUPLICATE_METHOD_MATCH = YES;
				CODE_SIGN_IDENTITY = "iPhone Developer";
				COPY_PHASE_STRIP = NO;
				DEBUG_INFORMATION_FORMAT = dwarf;
				ENABLE_STRICT_OBJC_MSGSEND = YES;
				ENABLE_TESTABILITY = YES;
				GCC_C_LANGUAGE_STANDARD = gnu11;
				GCC_DYNAMIC_NO_PIC = NO;
				GCC_NO_COMMON_BLOCKS = YES;
				GCC_OPTIMIZATION_LEVEL = 0;
				GCC_PREPROCESSOR_DEFINITIONS = (
					"DEBUG=1",
					"$(inherited)",
				);
				GCC_WARN_64_TO_32_BIT_CONVERSION = YES;
				GCC_WARN_ABOUT_RETURN_TYPE = YES_ERROR;
				GCC_WARN_UNDECLARED_SELECTOR = YES;
				GCC_WARN_UNINITIALIZED_AUTOS = YES_AGGRESSIVE;
				GCC_WARN_UNUSED_FUNCTION = YES;
				GCC_WARN_UNUSED_VARIABLE = YES;
				IPHONEOS_DEPLOYMENT_TARGET = 11.4;
				MTL_ENABLE_DEBUG_INFO = YES;
				ONLY_ACTIVE_ARCH = YES;
				SDKROOT = iphoneos;
				SWIFT_ACTIVE_COMPILATION_CONDITIONS = DEBUG;
				SWIFT_OPTIMIZATION_LEVEL = "-Onone";
			};
			name = Debug;
		};
		9DCC7B7E21116961000E8C4C /* Release */ = {
			isa = XCBuildConfiguration;
			buildSettings = {
				ALWAYS_SEARCH_USER_PATHS = NO;
				CLANG_ANALYZER_NONNULL = YES;
				CLANG_ANALYZER_NUMBER_OBJECT_CONVERSION = YES_AGGRESSIVE;
				CLANG_CXX_LANGUAGE_STANDARD = "gnu++14";
				CLANG_CXX_LIBRARY = "libc++";
				CLANG_ENABLE_MODULES = YES;
				CLANG_ENABLE_OBJC_ARC = YES;
				CLANG_ENABLE_OBJC_WEAK = YES;
				CLANG_WARN_BLOCK_CAPTURE_AUTORELEASING = YES;
				CLANG_WARN_BOOL_CONVERSION = YES;
				CLANG_WARN_COMMA = YES;
				CLANG_WARN_CONSTANT_CONVERSION = YES;
				CLANG_WARN_DEPRECATED_OBJC_IMPLEMENTATIONS = YES;
				CLANG_WARN_DIRECT_OBJC_ISA_USAGE = YES_ERROR;
				CLANG_WARN_DOCUMENTATION_COMMENTS = YES;
				CLANG_WARN_EMPTY_BODY = YES;
				CLANG_WARN_ENUM_CONVERSION = YES;
				CLANG_WARN_INFINITE_RECURSION = YES;
				CLANG_WARN_INT_CONVERSION = YES;
				CLANG_WARN_NON_LITERAL_NULL_CONVERSION = YES;
				CLANG_WARN_OBJC_IMPLICIT_RETAIN_SELF = YES;
				CLANG_WARN_OBJC_LITERAL_CONVERSION = YES;
				CLANG_WARN_OBJC_ROOT_CLASS = YES_ERROR;
				CLANG_WARN_RANGE_LOOP_ANALYSIS = YES;
				CLANG_WARN_STRICT_PROTOTYPES = YES;
				CLANG_WARN_SUSPICIOUS_MOVE = YES;
				CLANG_WARN_UNGUARDED_AVAILABILITY = YES_AGGRESSIVE;
				CLANG_WARN_UNREACHABLE_CODE = YES;
				CLANG_WARN__DUPLICATE_METHOD_MATCH = YES;
				CODE_SIGN_IDENTITY = "iPhone Developer";
				COPY_PHASE_STRIP = NO;
				DEBUG_INFORMATION_FORMAT = "dwarf-with-dsym";
				ENABLE_NS_ASSERTIONS = NO;
				ENABLE_STRICT_OBJC_MSGSEND = YES;
				GCC_C_LANGUAGE_STANDARD = gnu11;
				GCC_NO_COMMON_BLOCKS = YES;
				GCC_WARN_64_TO_32_BIT_CONVERSION = YES;
				GCC_WARN_ABOUT_RETURN_TYPE = YES_ERROR;
				GCC_WARN_UNDECLARED_SELECTOR = YES;
				GCC_WARN_UNINITIALIZED_AUTOS = YES_AGGRESSIVE;
				GCC_WARN_UNUSED_FUNCTION = YES;
				GCC_WARN_UNUSED_VARIABLE = YES;
				IPHONEOS_DEPLOYMENT_TARGET = 11.4;
				MTL_ENABLE_DEBUG_INFO = NO;
				SDKROOT = iphoneos;
				SWIFT_COMPILATION_MODE = wholemodule;
				SWIFT_OPTIMIZATION_LEVEL = "-O";
				VALIDATE_PRODUCT = YES;
			};
			name = Release;
		};
		9DCC7B8021116961000E8C4C /* Debug */ = {
			isa = XCBuildConfiguration;
			baseConfigurationReference = E9F1A487E41B27C01C54FB73 /* Pods-PRPCA.debug.xcconfig */;
			buildSettings = {
				ASSETCATALOG_COMPILER_APPICON_NAME = AppIcon;
				CODE_SIGN_STYLE = Automatic;
				DEVELOPMENT_TEAM = 67MX9PD557;
				INFOPLIST_FILE = PRPCA/Info.plist;
				IPHONEOS_DEPLOYMENT_TARGET = 10.0;
				LD_RUNPATH_SEARCH_PATHS = (
					"$(inherited)",
					"@executable_path/Frameworks",
				);
				PRODUCT_BUNDLE_IDENTIFIER = com.stevesl.PRPCA;
				PRODUCT_NAME = "$(TARGET_NAME)";
				SWIFT_VERSION = 4.0;
				TARGETED_DEVICE_FAMILY = "1,2";
			};
			name = Debug;
		};
		9DCC7B8121116961000E8C4C /* Release */ = {
			isa = XCBuildConfiguration;
			baseConfigurationReference = B85EC25260396B8F6F983E3E /* Pods-PRPCA.release.xcconfig */;
			buildSettings = {
				ASSETCATALOG_COMPILER_APPICON_NAME = AppIcon;
				CODE_SIGN_STYLE = Automatic;
				DEVELOPMENT_TEAM = 67MX9PD557;
				INFOPLIST_FILE = PRPCA/Info.plist;
				IPHONEOS_DEPLOYMENT_TARGET = 10.0;
				LD_RUNPATH_SEARCH_PATHS = (
					"$(inherited)",
					"@executable_path/Frameworks",
				);
				PRODUCT_BUNDLE_IDENTIFIER = com.stevesl.PRPCA;
				PRODUCT_NAME = "$(TARGET_NAME)";
				SWIFT_VERSION = 4.0;
				TARGETED_DEVICE_FAMILY = "1,2";
			};
			name = Release;
		};
		9DCC7B8321116961000E8C4C /* Debug */ = {
			isa = XCBuildConfiguration;
			baseConfigurationReference = 788DA889A387F49721C8BF73 /* Pods-PRPCATests.debug.xcconfig */;
			buildSettings = {
				ALWAYS_EMBED_SWIFT_STANDARD_LIBRARIES = YES;
				BUNDLE_LOADER = "$(TEST_HOST)";
				CODE_SIGN_STYLE = Automatic;
				DEVELOPMENT_TEAM = 67MX9PD557;
				INFOPLIST_FILE = PRPCATests/Info.plist;
				LD_RUNPATH_SEARCH_PATHS = (
					"$(inherited)",
					"@executable_path/Frameworks",
					"@loader_path/Frameworks",
				);
				PRODUCT_BUNDLE_IDENTIFIER = com.stevesl.PRPCATests;
				PRODUCT_NAME = "$(TARGET_NAME)";
				SWIFT_VERSION = 4.0;
				TARGETED_DEVICE_FAMILY = "1,2";
				TEST_HOST = "$(BUILT_PRODUCTS_DIR)/PRPCA.app/PRPCA";
			};
			name = Debug;
		};
		9DCC7B8421116961000E8C4C /* Release */ = {
			isa = XCBuildConfiguration;
			baseConfigurationReference = C97D7BA04B40314DA7FD0359 /* Pods-PRPCATests.release.xcconfig */;
			buildSettings = {
				ALWAYS_EMBED_SWIFT_STANDARD_LIBRARIES = YES;
				BUNDLE_LOADER = "$(TEST_HOST)";
				CODE_SIGN_STYLE = Automatic;
				DEVELOPMENT_TEAM = 67MX9PD557;
				INFOPLIST_FILE = PRPCATests/Info.plist;
				LD_RUNPATH_SEARCH_PATHS = (
					"$(inherited)",
					"@executable_path/Frameworks",
					"@loader_path/Frameworks",
				);
				PRODUCT_BUNDLE_IDENTIFIER = com.stevesl.PRPCATests;
				PRODUCT_NAME = "$(TARGET_NAME)";
				SWIFT_VERSION = 4.0;
				TARGETED_DEVICE_FAMILY = "1,2";
				TEST_HOST = "$(BUILT_PRODUCTS_DIR)/PRPCA.app/PRPCA";
			};
			name = Release;
		};
		9DCC7B8621116961000E8C4C /* Debug */ = {
			isa = XCBuildConfiguration;
			baseConfigurationReference = 4E2C30FC2C496A450B140639 /* Pods-PRPCAUITests.debug.xcconfig */;
			buildSettings = {
				ALWAYS_EMBED_SWIFT_STANDARD_LIBRARIES = YES;
				CODE_SIGN_STYLE = Automatic;
				DEVELOPMENT_TEAM = 67MX9PD557;
				INFOPLIST_FILE = PRPCAUITests/Info.plist;
				LD_RUNPATH_SEARCH_PATHS = (
					"$(inherited)",
					"@executable_path/Frameworks",
					"@loader_path/Frameworks",
				);
				PRODUCT_BUNDLE_IDENTIFIER = com.stevesl.PRPCAUITests;
				PRODUCT_NAME = "$(TARGET_NAME)";
				SWIFT_VERSION = 4.0;
				TARGETED_DEVICE_FAMILY = "1,2";
				TEST_TARGET_NAME = PRPCA;
			};
			name = Debug;
		};
		9DCC7B8721116961000E8C4C /* Release */ = {
			isa = XCBuildConfiguration;
			baseConfigurationReference = A6B76A30A37EF3C05FEF04C8 /* Pods-PRPCAUITests.release.xcconfig */;
			buildSettings = {
				ALWAYS_EMBED_SWIFT_STANDARD_LIBRARIES = YES;
				CODE_SIGN_STYLE = Automatic;
				DEVELOPMENT_TEAM = 67MX9PD557;
				INFOPLIST_FILE = PRPCAUITests/Info.plist;
				LD_RUNPATH_SEARCH_PATHS = (
					"$(inherited)",
					"@executable_path/Frameworks",
					"@loader_path/Frameworks",
				);
				PRODUCT_BUNDLE_IDENTIFIER = com.stevesl.PRPCAUITests;
				PRODUCT_NAME = "$(TARGET_NAME)";
				SWIFT_VERSION = 4.0;
				TARGETED_DEVICE_FAMILY = "1,2";
				TEST_TARGET_NAME = PRPCA;
			};
			name = Release;
		};
/* End XCBuildConfiguration section */

/* Begin XCConfigurationList section */
		9DCC7B4F2111695F000E8C4C /* Build configuration list for PBXProject "PRPCA" */ = {
			isa = XCConfigurationList;
			buildConfigurations = (
				9DCC7B7D21116961000E8C4C /* Debug */,
				9DCC7B7E21116961000E8C4C /* Release */,
			);
			defaultConfigurationIsVisible = 0;
			defaultConfigurationName = Release;
		};
		9DCC7B7F21116961000E8C4C /* Build configuration list for PBXNativeTarget "PRPCA" */ = {
			isa = XCConfigurationList;
			buildConfigurations = (
				9DCC7B8021116961000E8C4C /* Debug */,
				9DCC7B8121116961000E8C4C /* Release */,
			);
			defaultConfigurationIsVisible = 0;
			defaultConfigurationName = Release;
		};
		9DCC7B8221116961000E8C4C /* Build configuration list for PBXNativeTarget "PRPCATests" */ = {
			isa = XCConfigurationList;
			buildConfigurations = (
				9DCC7B8321116961000E8C4C /* Debug */,
				9DCC7B8421116961000E8C4C /* Release */,
			);
			defaultConfigurationIsVisible = 0;
			defaultConfigurationName = Release;
		};
		9DCC7B8521116961000E8C4C /* Build configuration list for PBXNativeTarget "PRPCAUITests" */ = {
			isa = XCConfigurationList;
			buildConfigurations = (
				9DCC7B8621116961000E8C4C /* Debug */,
				9DCC7B8721116961000E8C4C /* Release */,
			);
			defaultConfigurationIsVisible = 0;
			defaultConfigurationName = Release;
		};
/* End XCConfigurationList section */

/* Begin XCVersionGroup section */
		9DCC7B5E2111695F000E8C4C /* PRPCA.xcdatamodeld */ = {
			isa = XCVersionGroup;
			children = (
				9DCC7B5F2111695F000E8C4C /* PRPCA.xcdatamodel */,
			);
			currentVersion = 9DCC7B5F2111695F000E8C4C /* PRPCA.xcdatamodel */;
			path = PRPCA.xcdatamodeld;
			sourceTree = "<group>";
			versionGroupType = wrapper.xcdatamodel;
		};
/* End XCVersionGroup section */
	};
	rootObject = 9DCC7B4C2111695F000E8C4C /* Project object */;
}
